# THIS IS AN AUTOGENERATED FILE. DO NOT EDIT THIS FILE DIRECTLY.
# yarn lockfile v1


createjs-easeljs@^0.8.2:
  version "0.8.2"
  resolved "https://registry.yarnpkg.com/createjs-easeljs/-/createjs-easeljs-0.8.2.tgz#4a30629cdfdd60628400ea48521dc5edfade97b9"

lodash@^4.17.4:
  version "4.17.4"
  resolved "https://registry.yarnpkg.com/lodash/-/lodash-4.17.4.tgz#78203a4d1c328ae1d86dca6460e369b57f4055ae"

vue-electron@^1.0.0:
  version "1.0.4"
  resolved "https://registry.yarnpkg.com/vue-electron/-/vue-electron-1.0.4.tgz#fe4e70e0b6a9e7d58823f42692eb9a2302856ce1"

vue@^2.0.1:
  version "2.0.8"
  resolved "https://registry.yarnpkg.com/vue/-/vue-2.0.8.tgz#bbc191db5e1442f208604f994f03e49ac09e69d2"

vuex@^2.1.1:
  version "2.1.1"
  resolved "https://registry.yarnpkg.com/vuex/-/vuex-2.1.1.tgz#78463ee45fae4871c5d05177b4e8cedd9e2cbccc"
